
Microsoft Visual Studio Solution File, Format Version 12.00
# Visual Studio Version 17
VisualStudioVersion = 17.14.36301.6 d17.14
MinimumVisualStudioVersion = 10.0.40219.1
Project("{FAE04EC0-301F-11D3-BF4B-00C04F79EFBC}") = "Aula_EF", "Aula_EF\Aula_EF.csproj", "{258E4E1D-F33A-45ED-AD29-19F32C59F847}"
EndProject
Global
	GlobalSection(SolutionConfigurationPlatforms) = preSolution
		Debug|Any CPU = Debug|Any CPU
		Release|Any CPU = Release|Any CPU
	EndGlobalSection
	GlobalSection(ProjectConfigurationPlatforms) = postSolution
		{258E4E1D-F33A-45ED-AD29-19F32C59F847}.Debug|Any CPU.ActiveCfg = Debug|Any CPU
		{258E4E1D-F33A-45ED-AD29-19F32C59F847}.Debug|Any CPU.Build.0 = Debug|Any CPU
		{258E4E1D-F33A-45ED-AD29-19F32C59F847}.Release|Any CPU.ActiveCfg = Release|Any CPU
		{258E4E1D-F33A-45ED-AD29-19F32C59F847}.Release|Any CPU.Build.0 = Release|Any CPU
	EndGlobalSection
	GlobalSection(SolutionProperties) = preSolution
		HideSolutionNode = FALSE
	EndGlobalSection
	GlobalSection(ExtensibilityGlobals) = postSolution
		SolutionGuid = {ADF74E07-FB10-452D-8877-31E5FDD1767D}
	EndGlobalSection
EndGlobal
